
Microsoft Visual Studio Solution File, Format Version 12.00
# Visual Studio Version 17
VisualStudioVersion = 17.14.36429.23 d17.14
MinimumVisualStudioVersion = 10.0.40219.1
Project("{8BC9CEB8-8B4A-11D0-8D11-00A0C91BC942}") = "Project12", "Project12.vcxproj", "{B6B4751E-0E82-4EAB-BAA9-6701F69C4866}"
EndProject
Global
	GlobalSection(SolutionConfigurationPlatforms) = preSolution
		Debug|x64 = Debug|x64
		Debug|x86 = Debug|x86
		Release|x64 = Release|x64
		Release|x86 = Release|x86
	EndGlobalSection
	GlobalSection(ProjectConfigurationPlatforms) = postSolution
		{B6B4751E-0E82-4EAB-BAA9-6701F69C4866}.Debug|x64.ActiveCfg = Debug|x64
		{B6B4751E-0E82-4EAB-BAA9-6701F69C4866}.Debug|x64.Build.0 = Debug|x64
		{B6B4751E-0E82-4EAB-BAA9-6701F69C4866}.Debug|x86.ActiveCfg = Debug|Win32
		{B6B4751E-0E82-4EAB-BAA9-6701F69C4866}.Debug|x86.Build.0 = Debug|Win32
		{B6B4751E-0E82-4EAB-BAA9-6701F69C4866}.Release|x64.ActiveCfg = Release|x64
		{B6B4751E-0E82-4EAB-BAA9-6701F69C4866}.Release|x64.Build.0 = Release|x64
		{B6B4751E-0E82-4EAB-BAA9-6701F69C4866}.Release|x86.ActiveCfg = Release|Win32
		{B6B4751E-0E82-4EAB-BAA9-6701F69C4866}.Release|x86.Build.0 = Release|Win32
	EndGlobalSection
	GlobalSection(SolutionProperties) = preSolution
		HideSolutionNode = FALSE
	EndGlobalSection
	GlobalSection(ExtensibilityGlobals) = postSolution
		SolutionGuid = {927ADC7D-66EB-4AD6-8390-FF79E0560363}
	EndGlobalSection
EndGlobal
